// !$*UTF8*$!
{
	archiveVersion = 1;
	classes = {
	};
	objectVersion = 46;
	objects = {

/* Begin PBXBuildFile section */
		C2AD647E1ED2BE1700AB6A2A /* main.m in Sources */ = {isa = PBXBuildFile; fileRef = C2AD647D1ED2BE1700AB6A2A /* main.m */; };
		C2AD64811ED2BE1700AB6A2A /* AppDelegate.m in Sources */ = {isa = PBXBuildFile; fileRef = C2AD64801ED2BE1700AB6A2A /* AppDelegate.m */; };
		C2AD64841ED2BE1700AB6A2A /* ViewController.m in Sources */ = {isa = PBXBuildFile; fileRef = C2AD64831ED2BE1700AB6A2A /* ViewController.m */; };
		C2AD64871ED2BE1700AB6A2A /* Main.storyboard in Resources */ = {isa = PBXBuildFile; fileRef = C2AD64851ED2BE1700AB6A2A /* Main.storyboard */; };
		C2AD64891ED2BE1700AB6A2A /* Assets.xcassets in Resources */ = {isa = PBXBuildFile; fileRef = C2AD64881ED2BE1700AB6A2A /* Assets.xcassets */; };
		C2AD648C1ED2BE1700AB6A2A /* LaunchScreen.storyboard in Resources */ = {isa = PBXBuildFile; fileRef = C2AD648A1ED2BE1700AB6A2A /* LaunchScreen.storyboard */; };
		C2AD64971ED2BE5E00AB6A2A /* RMBaseModel.m in Sources */ = {isa = PBXBuildFile; fileRef = C2AD64961ED2BE5E00AB6A2A /* RMBaseModel.m */; };
		C2AD649A1ED2C0B500AB6A2A /* RMFirstModel.m in Sources */ = {isa = PBXBuildFile; fileRef = C2AD64991ED2C0B500AB6A2A /* RMFirstModel.m */; };
/* End PBXBuildFile section */

/* Begin PBXFileReference section */
		C2AD64791ED2BE1700AB6A2A /* RMDataDeal.app */ = {isa = PBXFileReference; explicitFileType = wrapper.application; includeInIndex = 0; path = RMDataDeal.app; sourceTree = BUILT_PRODUCTS_DIR; };
		C2AD647D1ED2BE1700AB6A2A /* main.m */ = {isa = PBXFileReference; lastKnownFileType = sourcecode.c.objc; path = main.m; sourceTree = "<group>"; };
		C2AD647F1ED2BE1700AB6A2A /* AppDelegate.h */ = {isa = PBXFileReference; lastKnownFileType = sourcecode.c.h; path = AppDelegate.h; sourceTree = "<group>"; };
		C2AD64801ED2BE1700AB6A2A /* AppDelegate.m */ = {isa = PBXFileReference; lastKnownFileType = sourcecode.c.objc; path = AppDelegate.m; sourceTree = "<group>"; };
		C2AD64821ED2BE1700AB6A2A /* ViewController.h */ = {isa = PBXFileReference; lastKnownFileType = sourcecode.c.h; path = ViewController.h; sourceTree = "<group>"; };
		C2AD64831ED2BE1700AB6A2A /* ViewController.m */ = {isa = PBXFileReference; lastKnownFileType = sourcecode.c.objc; path = ViewController.m; sourceTree = "<group>"; };
		C2AD64861ED2BE1700AB6A2A /* Base */ = {isa = PBXFileReference; lastKnownFileType = file.storyboard; name = Base; path = Base.lproj/Main.storyboard; sourceTree = "<group>"; };
		C2AD64881ED2BE1700AB6A2A /* Assets.xcassets */ = {isa = PBXFileReference; lastKnownFileType = folder.assetcatalog; path = Assets.xcassets; sourceTree = "<group>"; };
		C2AD648B1ED2BE1700AB6A2A /* Base */ = {isa = PBXFileReference; lastKnownFileType = file.storyboard; name = Base; path = Base.lproj/LaunchScreen.storyboard; sourceTree = "<group>"; };
		C2AD648D1ED2BE1700AB6A2A /* Info.plist */ = {isa = PBXFileReference; lastKnownFileType = text.plist.xml; path = Info.plist; sourceTree = "<group>"; };
		C2AD64951ED2BE5E00AB6A2A /* RMBaseModel.h */ = {isa = PBXFileReference; fileEncoding = 4; lastKnownFileType = sourcecode.c.h; path = RMBaseModel.h; sourceTree = "<group>"; };
		C2AD64961ED2BE5E00AB6A2A /* RMBaseModel.m */ = {isa = PBXFileReference; fileEncoding = 4; lastKnownFileType = sourcecode.c.objc; path = RMBaseModel.m; sourceTree = "<group>"; };
		C2AD64981ED2C0B500AB6A2A /* RMFirstModel.h */ = {isa = PBXFileReference; fileEncoding = 4; lastKnownFileType = sourcecode.c.h; path = RMFirstModel.h; sourceTree = "<group>"; };
		C2AD64991ED2C0B500AB6A2A /* RMFirstModel.m */ = {isa = PBXFileReference; fileEncoding = 4; lastKnownFileType = sourcecode.c.objc; path = RMFirstModel.m; sourceTree = "<group>"; };
/* End PBXFileReference section */

/* Begin PBXFrameworksBuildPhase section */
		C2AD64761ED2BE1700AB6A2A /* Frameworks */ = {
			isa = PBXFrameworksBuildPhase;
			buildActionMask = 2147483647;
			files = (
			);
			runOnlyForDeploymentPostprocessing = 0;
		};
/* End PBXFrameworksBuildPhase section */

/* Begin PBXGroup section */
		C2AD64701ED2BE1700AB6A2A = {
			isa = PBXGroup;
			children = (
				C2AD647B1ED2BE1700AB6A2A /* RMDataDeal */,
				C2AD647A1ED2BE1700AB6A2A /* Products */,
			);
			sourceTree = "<group>";
		};
		C2AD647A1ED2BE1700AB6A2A /* Products */ = {
			isa = PBXGroup;
			children = (
				C2AD64791ED2BE1700AB6A2A /* RMDataDeal.app */,
			);
			name = Products;
			sourceTree = "<group>";
		};
		C2AD647B1ED2BE1700AB6A2A /* RMDataDeal */ = {
			isa = PBXGroup;
			children = (
				C2AD64941ED2BE4900AB6A2A /* RMBaseModel */,
				C2AD64931ED2BE3300AB6A2A /* Model */,
				C2AD647F1ED2BE1700AB6A2A /* AppDelegate.h */,
				C2AD64801ED2BE1700AB6A2A /* AppDelegate.m */,
				C2AD64821ED2BE1700AB6A2A /* ViewController.h */,
				C2AD64831ED2BE1700AB6A2A /* ViewController.m */,
				C2AD64851ED2BE1700AB6A2A /* Main.storyboard */,
				C2AD64881ED2BE1700AB6A2A /* Assets.xcassets */,
				C2AD648A1ED2BE1700AB6A2A /* LaunchScreen.storyboard */,
				C2AD648D1ED2BE1700AB6A2A /* Info.plist */,
				C2AD647C1ED2BE1700AB6A2A /* Supporting Files */,
			);
			path = RMDataDeal;
			sourceTree = "<group>";
		};
		C2AD647C1ED2BE1700AB6A2A /* Supporting Files */ = {
			isa = PBXGroup;
			children = (
				C2AD647D1ED2BE1700AB6A2A /* main.m */,
			);
			name = "Supporting Files";
			sourceTree = "<group>";
		};
		C2AD64931ED2BE3300AB6A2A /* Model */ = {
			isa = PBXGroup;
			children = (
				C2AD64981ED2C0B500AB6A2A /* RMFirstModel.h */,
				C2AD64991ED2C0B500AB6A2A /* RMFirstModel.m */,
			);
			path = Model;
			sourceTree = "<group>";
		};
		C2AD64941ED2BE4900AB6A2A /* RMBaseModel */ = {
			isa = PBXGroup;
			children = (
				C2AD64951ED2BE5E00AB6A2A /* RMBaseModel.h */,
				C2AD64961ED2BE5E00AB6A2A /* RMBaseModel.m */,
			);
			path = RMBaseModel;
			sourceTree = "<group>";
		};
/* End PBXGroup section */

/* Begin PBXNativeTarget section */
		C2AD64781ED2BE1700AB6A2A /* RMDataDeal */ = {
			isa = PBXNativeTarget;
			buildConfigurationList = C2AD64901ED2BE1700AB6A2A /* Build configuration list for PBXNativeTarget "RMDataDeal" */;
			buildPhases = (
				C2AD64751ED2BE1700AB6A2A /* Sources */,
				C2AD64761ED2BE1700AB6A2A /* Frameworks */,
				C2AD64771ED2BE1700AB6A2A /* Resources */,
			);
			buildRules = (
			);
			dependencies = (
			);
			name = RMDataDeal;
			productName = RMDataDeal;
			productReference = C2AD64791ED2BE1700AB6A2A /* RMDataDeal.app */;
			productType = "com.apple.product-type.application";
		};
/* End PBXNativeTarget section */

/* Begin PBXProject section */
		C2AD64711ED2BE1700AB6A2A /* Project object */ = {
			isa = PBXProject;
			attributes = {
				LastUpgradeCheck = 0830;
				ORGANIZATIONNAME = wanglin;
				TargetAttributes = {
					C2AD64781ED2BE1700AB6A2A = {
						CreatedOnToolsVersion = 8.3.2;
						DevelopmentTeam = M7Z2SMXY5K;
						ProvisioningStyle = Automatic;
					};
				};
			};
			buildConfigurationList = C2AD64741ED2BE1700AB6A2A /* Build configuration list for PBXProject "RMDataDeal" */;
			compatibilityVersion = "Xcode 3.2";
			developmentRegion = English;
			hasScannedForEncodings = 0;
			knownRegions = (
				en,
				Base,
			);
			mainGroup = C2AD64701ED2BE1700AB6A2A;
			productRefGroup = C2AD647A1ED2BE1700AB6A2A /* Products */;
			projectDirPath = "";
			projectRoot = "";
			targets = (
				C2AD64781ED2BE1700AB6A2A /* RMDataDeal */,
			);
		};
/* End PBXProject section */

/* Begin PBXResourcesBuildPhase section */
		C2AD64771ED2BE1700AB6A2A /* Resources */ = {
			isa = PBXResourcesBuildPhase;
			buildActionMask = 2147483647;
			files = (
				C2AD648C1ED2BE1700AB6A2A /* LaunchScreen.storyboard in Resources */,
				C2AD64891ED2BE1700AB6A2A /* Assets.xcassets in Resources */,
				C2AD64871ED2BE1700AB6A2A /* Main.storyboard in Resources */,
			);
			runOnlyForDeploymentPostprocessing = 0;
		};
/* End PBXResourcesBuildPhase section */

/* Begin PBXSourcesBuildPhase section */
		C2AD64751ED2BE1700AB6A2A /* Sources */ = {
			isa = PBXSourcesBuildPhase;
			buildActionMask = 2147483647;
			files = (
				C2AD64841ED2BE1700AB6A2A /* ViewController.m in Sources */,
				C2AD64811ED2BE1700AB6A2A /* AppDelegate.m in Sources */,
				C2AD649A1ED2C0B500AB6A2A /* RMFirstModel.m in Sources */,
				C2AD647E1ED2BE1700AB6A2A /* main.m in Sources */,
				C2AD64971ED2BE5E00AB6A2A /* RMBaseModel.m in Sources */,
			);
			runOnlyForDeploymentPostprocessing = 0;
		};
/* End PBXSourcesBuildPhase section */

/* Begin PBXVariantGroup section */
		C2AD64851ED2BE1700AB6A2A /* Main.storyboard */ = {
			isa = PBXVariantGroup;
			children = (
				C2AD64861ED2BE1700AB6A2A /* Base */,
			);
			name = Main.storyboard;
			sourceTree = "<group>";
		};
		C2AD648A1ED2BE1700AB6A2A /* LaunchScreen.storyboard */ = {
			isa = PBXVariantGroup;
			children = (
				C2AD648B1ED2BE1700AB6A2A /* Base */,
			);
			name = LaunchScreen.storyboard;
			sourceTree = "<group>";
		};
/* End PBXVariantGroup section */

/* Begin XCBuildConfiguration section */
		C2AD648E1ED2BE1700AB6A2A /* Debug */ = {
			isa = XCBuildConfiguration;
			buildSettings = {
				ALWAYS_SEARCH_USER_PATHS = NO;
				CLANG_ANALYZER_NONNULL = YES;
				CLANG_ANALYZER_NUMBER_OBJECT_CONVERSION = YES_AGGRESSIVE;
				CLANG_CXX_LANGUAGE_STANDARD = "gnu++0x";
				CLANG_CXX_LIBRARY = "libc++";
				CLANG_ENABLE_MODULES = YES;
				CLANG_ENABLE_OBJC_ARC = YES;
				CLANG_WARN_BOOL_CONVERSION = YES;
				CLANG_WARN_CONSTANT_CONVERSION = YES;
				CLANG_WARN_DIRECT_OBJC_ISA_USAGE = YES_ERROR;
				CLANG_WARN_DOCUMENTATION_COMMENTS = YES;
				CLANG_WARN_EMPTY_BODY = YES;
				CLANG_WARN_ENUM_CONVERSION = YES;
				CLANG_WARN_INFINITE_RECURSION = YES;
				CLANG_WARN_INT_CONVERSION = YES;
				CLANG_WARN_OBJC_ROOT_CLASS = YES_ERROR;
				CLANG_WARN_SUSPICIOUS_MOVE = YES;
				CLANG_WARN_UNREACHABLE_CODE = YES;
				CLANG_WARN__DUPLICATE_METHOD_MATCH = YES;
				"CODE_SIGN_IDENTITY[sdk=iphoneos*]" = "iPhone Developer";
				COPY_PHASE_STRIP = NO;
				DEBUG_INFORMATION_FORMAT = dwarf;
				ENABLE_STRICT_OBJC_MSGSEND = YES;
				ENABLE_TESTABILITY = YES;
				GCC_C_LANGUAGE_STANDARD = gnu99;
				GCC_DYNAMIC_NO_PIC = NO;
				GCC_NO_COMMON_BLOCKS = YES;
				GCC_OPTIMIZATION_LEVEL = 0;
				GCC_PREPROCESSOR_DEFINITIONS = (
					"DEBUG=1",
					"$(inherited)",
				);
				GCC_WARN_64_TO_32_BIT_CONVERSION = YES;
				GCC_WARN_ABOUT_RETURN_TYPE = YES_ERROR;
				GCC_WARN_UNDECLARED_SELECTOR = YES;
				GCC_WARN_UNINITIALIZED_AUTOS = YES_AGGRESSIVE;
				GCC_WARN_UNUSED_FUNCTION = YES;
				GCC_WARN_UNUSED_VARIABLE = YES;
				IPHONEOS_DEPLOYMENT_TARGET = 10.3;
				MTL_ENABLE_DEBUG_INFO = YES;
				ONLY_ACTIVE_ARCH = YES;
				SDKROOT = iphoneos;
			};
			name = Debug;
		};
		C2AD648F1ED2BE1700AB6A2A /* Release */ = {
			isa = XCBuildConfiguration;
			buildSettings = {
				ALWAYS_SEARCH_USER_PATHS = NO;
				CLANG_ANALYZER_NONNULL = YES;
				CLANG_ANALYZER_NUMBER_OBJECT_CONVERSION = YES_AGGRESSIVE;
				CLANG_CXX_LANGUAGE_STANDARD = "gnu++0x";
				CLANG_CXX_LIBRARY = "libc++";
				CLANG_ENABLE_MODULES = YES;
				CLANG_ENABLE_OBJC_ARC = YES;
				CLANG_WARN_BOOL_CONVERSION = YES;
				CLANG_WARN_CONSTANT_CONVERSION = YES;
				CLANG_WARN_DIRECT_OBJC_ISA_USAGE = YES_ERROR;
				CLANG_WARN_DOCUMENTATION_COMMENTS = YES;
				CLANG_WARN_EMPTY_BODY = YES;
				CLANG_WARN_ENUM_CONVERSION = YES;
				CLANG_WARN_INFINITE_RECURSION = YES;
				CLANG_WARN_INT_CONVERSION = YES;
				CLANG_WARN_OBJC_ROOT_CLASS = YES_ERROR;
				CLANG_WARN_SUSPICIOUS_MOVE = YES;
				CLANG_WARN_UNREACHABLE_CODE = YES;
				CLANG_WARN__DUPLICATE_METHOD_MATCH = YES;
				"CODE_SIGN_IDENTITY[sdk=iphoneos*]" = "iPhone Developer";
				COPY_PHASE_STRIP = NO;
				DEBUG_INFORMATION_FORMAT = "dwarf-with-dsym";
				ENABLE_NS_ASSERTIONS = NO;
				ENABLE_STRICT_OBJC_MSGSEND = YES;
				GCC_C_LANGUAGE_STANDARD = gnu99;
				GCC_NO_COMMON_BLOCKS = YES;
				GCC_WARN_64_TO_32_BIT_CONVERSION = YES;
				GCC_WARN_ABOUT_RETURN_TYPE = YES_ERROR;
				GCC_WARN_UNDECLARED_SELECTOR = YES;
				GCC_WARN_UNINITIALIZED_AUTOS = YES_AGGRESSIVE;
				GCC_WARN_UNUSED_FUNCTION = YES;
				GCC_WARN_UNUSED_VARIABLE = YES;
				IPHONEOS_DEPLOYMENT_TARGET = 10.3;
				MTL_ENABLE_DEBUG_INFO = NO;
				SDKROOT = iphoneos;
				VALIDATE_PRODUCT = YES;
			};
			name = Release;
		};
		C2AD64911ED2BE1700AB6A2A /* Debug */ = {
			isa = XCBuildConfiguration;
			buildSettings = {
				ASSETCATALOG_COMPILER_APPICON_NAME = AppIcon;
				DEVELOPMENT_TEAM = M7Z2SMXY5K;
				INFOPLIST_FILE = RMDataDeal/Info.plist;
				LD_RUNPATH_SEARCH_PATHS = "$(inherited) @executable_path/Frameworks";
				PRODUCT_BUNDLE_IDENTIFIER = WL.RMDataDeal;
				PRODUCT_NAME = "$(TARGET_NAME)";
			};
			name = Debug;
		};
		C2AD64921ED2BE1700AB6A2A /* Release */ = {
			isa = XCBuildConfiguration;
			buildSettings = {
				ASSETCATALOG_COMPILER_APPICON_NAME = AppIcon;
				DEVELOPMENT_TEAM = M7Z2SMXY5K;
				INFOPLIST_FILE = RMDataDeal/Info.plist;
				LD_RUNPATH_SEARCH_PATHS = "$(inherited) @executable_path/Frameworks";
				PRODUCT_BUNDLE_IDENTIFIER = WL.RMDataDeal;
				PRODUCT_NAME = "$(TARGET_NAME)";
			};
			name = Release;
		};
/* End XCBuildConfiguration section */

/* Begin XCConfigurationList section */
		C2AD64741ED2BE1700AB6A2A /* Build configuration list for PBXProject "RMDataDeal" */ = {
			isa = XCConfigurationList;
			buildConfigurations = (
				C2AD648E1ED2BE1700AB6A2A /* Debug */,
				C2AD648F1ED2BE1700AB6A2A /* Release */,
			);
			defaultConfigurationIsVisible = 0;
			defaultConfigurationName = Release;
		};
		C2AD64901ED2BE1700AB6A2A /* Build configuration list for PBXNativeTarget "RMDataDeal" */ = {
			isa = XCConfigurationList;
			buildConfigurations = (
				C2AD64911ED2BE1700AB6A2A /* Debug */,
				C2AD64921ED2BE1700AB6A2A /* Release */,
			);
			defaultConfigurationIsVisible = 0;
		};
/* End XCConfigurationList section */
	};
	rootObject = C2AD64711ED2BE1700AB6A2A /* Project object */;
}
